
Microsoft Visual Studio Solution File, Format Version 12.00
# Visual Studio 15
VisualStudioVersion = 15.0.28010.0
MinimumVisualStudioVersion = 10.0.40219.1
Project("{FAE04EC0-301F-11D3-BF4B-00C04F79EFBC}") = "FastLoggerProj", "FastLoggerProj\FastLoggerProj.csproj", "{14A7E40A-ECC6-4DC3-8C85-1400353A08F0}"
EndProject
Global
	GlobalSection(SolutionConfigurationPlatforms) = preSolution
		Debug|Any CPU = Debug|Any CPU
		Release|Any CPU = Release|Any CPU
	EndGlobalSection
	GlobalSection(ProjectConfigurationPlatforms) = postSolution
		{14A7E40A-ECC6-4DC3-8C85-1400353A08F0}.Debug|Any CPU.ActiveCfg = Debug|Any CPU
		{14A7E40A-ECC6-4DC3-8C85-1400353A08F0}.Debug|Any CPU.Build.0 = Debug|Any CPU
		{14A7E40A-ECC6-4DC3-8C85-1400353A08F0}.Release|Any CPU.ActiveCfg = Release|Any CPU
		{14A7E40A-ECC6-4DC3-8C85-1400353A08F0}.Release|Any CPU.Build.0 = Release|Any CPU
	EndGlobalSection
	GlobalSection(SolutionProperties) = preSolution
		HideSolutionNode = FALSE
	EndGlobalSection
	GlobalSection(ExtensibilityGlobals) = postSolution
		SolutionGuid = {581973E6-5DD1-46A3-948F-7D80EF69989D}
	EndGlobalSection
EndGlobal
